
Microsoft Visual Studio Solution File, Format Version 12.00
# Visual Studio 15
VisualStudioVersion = 15.0.26124.0
MinimumVisualStudioVersion = 15.0.26124.0
Project("{FAE04EC0-301F-11D3-BF4B-00C04F79EFBC}") = "client", "client\client.csproj", "{7DC0F269-D2D0-47FB-9C0C-F40E75C901B1}"
EndProject
Project("{FAE04EC0-301F-11D3-BF4B-00C04F79EFBC}") = "shared", "shared\shared.csproj", "{32CE9DC6-C1E5-4419-880E-090C9364FEF1}"
EndProject
Project("{FAE04EC0-301F-11D3-BF4B-00C04F79EFBC}") = "tests", "tests\tests.csproj", "{86C04A47-85E8-41D8-AA66-E8F06EE6C6A0}"
EndProject
Global
	GlobalSection(SolutionConfigurationPlatforms) = preSolution
		Debug|Any CPU = Debug|Any CPU
		Debug|x64 = Debug|x64
		Debug|x86 = Debug|x86
		Release|Any CPU = Release|Any CPU
		Release|x64 = Release|x64
		Release|x86 = Release|x86
	EndGlobalSection
	GlobalSection(SolutionProperties) = preSolution
		HideSolutionNode = FALSE
	EndGlobalSection
	GlobalSection(ProjectConfigurationPlatforms) = postSolution
		{7DC0F269-D2D0-47FB-9C0C-F40E75C901B1}.Debug|Any CPU.ActiveCfg = Debug|Any CPU
		{7DC0F269-D2D0-47FB-9C0C-F40E75C901B1}.Debug|Any CPU.Build.0 = Debug|Any CPU
		{7DC0F269-D2D0-47FB-9C0C-F40E75C901B1}.Debug|x64.ActiveCfg = Debug|Any CPU
		{7DC0F269-D2D0-47FB-9C0C-F40E75C901B1}.Debug|x64.Build.0 = Debug|Any CPU
		{7DC0F269-D2D0-47FB-9C0C-F40E75C901B1}.Debug|x86.ActiveCfg = Debug|Any CPU
		{7DC0F269-D2D0-47FB-9C0C-F40E75C901B1}.Debug|x86.Build.0 = Debug|Any CPU
		{7DC0F269-D2D0-47FB-9C0C-F40E75C901B1}.Release|Any CPU.ActiveCfg = Release|Any CPU
		{7DC0F269-D2D0-47FB-9C0C-F40E75C901B1}.Release|Any CPU.Build.0 = Release|Any CPU
		{7DC0F269-D2D0-47FB-9C0C-F40E75C901B1}.Release|x64.ActiveCfg = Release|Any CPU
		{7DC0F269-D2D0-47FB-9C0C-F40E75C901B1}.Release|x64.Build.0 = Release|Any CPU
		{7DC0F269-D2D0-47FB-9C0C-F40E75C901B1}.Release|x86.ActiveCfg = Release|Any CPU
		{7DC0F269-D2D0-47FB-9C0C-F40E75C901B1}.Release|x86.Build.0 = Release|Any CPU
		{32CE9DC6-C1E5-4419-880E-090C9364FEF1}.Debug|Any CPU.ActiveCfg = Debug|Any CPU
		{32CE9DC6-C1E5-4419-880E-090C9364FEF1}.Debug|Any CPU.Build.0 = Debug|Any CPU
		{32CE9DC6-C1E5-4419-880E-090C9364FEF1}.Debug|x64.ActiveCfg = Debug|Any CPU
		{32CE9DC6-C1E5-4419-880E-090C9364FEF1}.Debug|x64.Build.0 = Debug|Any CPU
		{32CE9DC6-C1E5-4419-880E-090C9364FEF1}.Debug|x86.ActiveCfg = Debug|Any CPU
		{32CE9DC6-C1E5-4419-880E-090C9364FEF1}.Debug|x86.Build.0 = Debug|Any CPU
		{32CE9DC6-C1E5-4419-880E-090C9364FEF1}.Release|Any CPU.ActiveCfg = Release|Any CPU
		{32CE9DC6-C1E5-4419-880E-090C9364FEF1}.Release|Any CPU.Build.0 = Release|Any CPU
		{32CE9DC6-C1E5-4419-880E-090C9364FEF1}.Release|x64.ActiveCfg = Release|Any CPU
		{32CE9DC6-C1E5-4419-880E-090C9364FEF1}.Release|x64.Build.0 = Release|Any CPU
		{32CE9DC6-C1E5-4419-880E-090C9364FEF1}.Release|x86.ActiveCfg = Release|Any CPU
		{32CE9DC6-C1E5-4419-880E-090C9364FEF1}.Release|x86.Build.0 = Release|Any CPU
		{86C04A47-85E8-41D8-AA66-E8F06EE6C6A0}.Debug|Any CPU.ActiveCfg = Debug|Any CPU
		{86C04A47-85E8-41D8-AA66-E8F06EE6C6A0}.Debug|Any CPU.Build.0 = Debug|Any CPU
		{86C04A47-85E8-41D8-AA66-E8F06EE6C6A0}.Debug|x64.ActiveCfg = Debug|Any CPU
		{86C04A47-85E8-41D8-AA66-E8F06EE6C6A0}.Debug|x64.Build.0 = Debug|Any CPU
		{86C04A47-85E8-41D8-AA66-E8F06EE6C6A0}.Debug|x86.ActiveCfg = Debug|Any CPU
		{86C04A47-85E8-41D8-AA66-E8F06EE6C6A0}.Debug|x86.Build.0 = Debug|Any CPU
		{86C04A47-85E8-41D8-AA66-E8F06EE6C6A0}.Release|Any CPU.ActiveCfg = Release|Any CPU
		{86C04A47-85E8-41D8-AA66-E8F06EE6C6A0}.Release|Any CPU.Build.0 = Release|Any CPU
		{86C04A47-85E8-41D8-AA66-E8F06EE6C6A0}.Release|x64.ActiveCfg = Release|Any CPU
		{86C04A47-85E8-41D8-AA66-E8F06EE6C6A0}.Release|x64.Build.0 = Release|Any CPU
		{86C04A47-85E8-41D8-AA66-E8F06EE6C6A0}.Release|x86.ActiveCfg = Release|Any CPU
		{86C04A47-85E8-41D8-AA66-E8F06EE6C6A0}.Release|x86.Build.0 = Release|Any CPU
	EndGlobalSection
EndGlobal
